
Microsoft Visual Studio Solution File, Format Version 12.00
# Visual Studio 2013
VisualStudioVersion = 12.0.30501.0
MinimumVisualStudioVersion = 10.0.40219.1
Project("{FAE04EC0-301F-11D3-BF4B-00C04F79EFBC}") = "Assignment3_EricAllen_MazeGame", "Assignment3_EricAllen_MazeGame\Assignment3_EricAllen_MazeGame.csproj", "{59CF4539-9442-4995-A16D-C46929F927E8}"
EndProject
Project("{FAE04EC0-301F-11D3-BF4B-00C04F79EFBC}") = "MazeGame", "MazeGame\MazeGame.csproj", "{3DFB0D94-ABEF-4720-8BB2-4A645796134C}"
EndProject
Project("{FAE04EC0-301F-11D3-BF4B-00C04F79EFBC}") = "MazeUnitTest", "MazeUnitTest\MazeUnitTest.csproj", "{213055F9-C46E-4C1F-BD9B-8EE83003A6E4}"
EndProject
Global
	GlobalSection(TeamFoundationVersionControl) = preSolution
		SccNumberOfProjects = 4
		SccEnterpriseProvider = {4CA58AB2-18FA-4F8D-95D4-32DDF27D184C}
		SccTeamFoundationServer = https://m0261355.visualstudio.com/defaultcollection
		SccLocalPath0 = .
		SccProjectUniqueName1 = Assignment3_EricAllen_MazeGame\\Assignment3_EricAllen_MazeGame.csproj
		SccProjectName1 = Assignment3_EricAllen_MazeGame
		SccLocalPath1 = Assignment3_EricAllen_MazeGame
		SccProjectUniqueName2 = MazeGame\\MazeGame.csproj
		SccProjectName2 = MazeGame
		SccLocalPath2 = MazeGame
		SccProjectUniqueName3 = MazeUnitTest\\MazeUnitTest.csproj
		SccProjectName3 = MazeUnitTest
		SccLocalPath3 = MazeUnitTest
	EndGlobalSection
	GlobalSection(SolutionConfigurationPlatforms) = preSolution
		Debug|Any CPU = Debug|Any CPU
		Release|Any CPU = Release|Any CPU
	EndGlobalSection
	GlobalSection(ProjectConfigurationPlatforms) = postSolution
		{59CF4539-9442-4995-A16D-C46929F927E8}.Debug|Any CPU.ActiveCfg = Debug|Any CPU
		{59CF4539-9442-4995-A16D-C46929F927E8}.Debug|Any CPU.Build.0 = Debug|Any CPU
		{59CF4539-9442-4995-A16D-C46929F927E8}.Release|Any CPU.ActiveCfg = Release|Any CPU
		{59CF4539-9442-4995-A16D-C46929F927E8}.Release|Any CPU.Build.0 = Release|Any CPU
		{3DFB0D94-ABEF-4720-8BB2-4A645796134C}.Debug|Any CPU.ActiveCfg = Debug|Any CPU
		{3DFB0D94-ABEF-4720-8BB2-4A645796134C}.Debug|Any CPU.Build.0 = Debug|Any CPU
		{3DFB0D94-ABEF-4720-8BB2-4A645796134C}.Release|Any CPU.ActiveCfg = Release|Any CPU
		{3DFB0D94-ABEF-4720-8BB2-4A645796134C}.Release|Any CPU.Build.0 = Release|Any CPU
		{213055F9-C46E-4C1F-BD9B-8EE83003A6E4}.Debug|Any CPU.ActiveCfg = Debug|Any CPU
		{213055F9-C46E-4C1F-BD9B-8EE83003A6E4}.Debug|Any CPU.Build.0 = Debug|Any CPU
		{213055F9-C46E-4C1F-BD9B-8EE83003A6E4}.Release|Any CPU.ActiveCfg = Release|Any CPU
		{213055F9-C46E-4C1F-BD9B-8EE83003A6E4}.Release|Any CPU.Build.0 = Release|Any CPU
	EndGlobalSection
	GlobalSection(SolutionProperties) = preSolution
		HideSolutionNode = FALSE
	EndGlobalSection
EndGlobal
